// !$*UTF8*$!
{
	archiveVersion = 1;
	classes = {
	};
	objectVersion = 55;
	objects = {

/* Begin PBXBuildFile section */
		4352C02D272B10F2002081D2 /* WizardAppApp.swift in Sources */ = {isa = PBXBuildFile; fileRef = 4352C02C272B10F2002081D2 /* WizardAppApp.swift */; };
		4352C02F272B10F2002081D2 /* ContentView.swift in Sources */ = {isa = PBXBuildFile; fileRef = 4352C02E272B10F2002081D2 /* ContentView.swift */; };
		4352C031272B10F5002081D2 /* Assets.xcassets in Resources */ = {isa = PBXBuildFile; fileRef = 4352C030272B10F5002081D2 /* Assets.xcassets */; };
		4352C034272B10F5002081D2 /* Preview Assets.xcassets in Resources */ = {isa = PBXBuildFile; fileRef = 4352C033272B10F5002081D2 /* Preview Assets.xcassets */; };
		4352C03C272B1278002081D2 /* LastNameView.swift in Sources */ = {isa = PBXBuildFile; fileRef = 4352C03B272B1278002081D2 /* LastNameView.swift */; };
		4352C040272B15A5002081D2 /* UserModel.swift in Sources */ = {isa = PBXBuildFile; fileRef = 4352C03F272B15A5002081D2 /* UserModel.swift */; };
		4352C042272B1666002081D2 /* UserViewModel.swift in Sources */ = {isa = PBXBuildFile; fileRef = 4352C041272B1666002081D2 /* UserViewModel.swift */; };
		4352C044272B1A59002081D2 /* TownView.swift in Sources */ = {isa = PBXBuildFile; fileRef = 4352C043272B1A59002081D2 /* TownView.swift */; };
		4352C046272B1A63002081D2 /* ResultView.swift in Sources */ = {isa = PBXBuildFile; fileRef = 4352C045272B1A63002081D2 /* ResultView.swift */; };
/* End PBXBuildFile section */

/* Begin PBXFileReference section */
		4352C029272B10F2002081D2 /* WizardApp.app */ = {isa = PBXFileReference; explicitFileType = wrapper.application; includeInIndex = 0; path = WizardApp.app; sourceTree = BUILT_PRODUCTS_DIR; };
		4352C02C272B10F2002081D2 /* WizardAppApp.swift */ = {isa = PBXFileReference; lastKnownFileType = sourcecode.swift; path = WizardAppApp.swift; sourceTree = "<group>"; };
		4352C02E272B10F2002081D2 /* ContentView.swift */ = {isa = PBXFileReference; lastKnownFileType = sourcecode.swift; name = ContentView.swift; path = ../ContentView.swift; sourceTree = "<group>"; };
		4352C030272B10F5002081D2 /* Assets.xcassets */ = {isa = PBXFileReference; lastKnownFileType = folder.assetcatalog; path = Assets.xcassets; sourceTree = "<group>"; };
		4352C033272B10F5002081D2 /* Preview Assets.xcassets */ = {isa = PBXFileReference; lastKnownFileType = folder.assetcatalog; path = "Preview Assets.xcassets"; sourceTree = "<group>"; };
		4352C03B272B1278002081D2 /* LastNameView.swift */ = {isa = PBXFileReference; lastKnownFileType = sourcecode.swift; path = LastNameView.swift; sourceTree = "<group>"; };
		4352C03F272B15A5002081D2 /* UserModel.swift */ = {isa = PBXFileReference; lastKnownFileType = sourcecode.swift; path = UserModel.swift; sourceTree = "<group>"; };
		4352C041272B1666002081D2 /* UserViewModel.swift */ = {isa = PBXFileReference; lastKnownFileType = sourcecode.swift; path = UserViewModel.swift; sourceTree = "<group>"; };
		4352C043272B1A59002081D2 /* TownView.swift */ = {isa = PBXFileReference; lastKnownFileType = sourcecode.swift; path = TownView.swift; sourceTree = "<group>"; };
		4352C045272B1A63002081D2 /* ResultView.swift */ = {isa = PBXFileReference; lastKnownFileType = sourcecode.swift; path = ResultView.swift; sourceTree = "<group>"; };
/* End PBXFileReference section */

/* Begin PBXFrameworksBuildPhase section */
		4352C026272B10F2002081D2 /* Frameworks */ = {
			isa = PBXFrameworksBuildPhase;
			buildActionMask = 2147483647;
			files = (
			);
			runOnlyForDeploymentPostprocessing = 0;
		};
/* End PBXFrameworksBuildPhase section */

/* Begin PBXGroup section */
		4352C020272B10F2002081D2 = {
			isa = PBXGroup;
			children = (
				4352C02B272B10F2002081D2 /* WizardApp */,
				4352C02A272B10F2002081D2 /* Products */,
			);
			sourceTree = "<group>";
		};
		4352C02A272B10F2002081D2 /* Products */ = {
			isa = PBXGroup;
			children = (
				4352C029272B10F2002081D2 /* WizardApp.app */,
			);
			name = Products;
			sourceTree = "<group>";
		};
		4352C02B272B10F2002081D2 /* WizardApp */ = {
			isa = PBXGroup;
			children = (
				4352C03E272B157F002081D2 /* Models */,
				4352C03D272B1573002081D2 /* ViewModels */,
				4352C03A272B1251002081D2 /* Views */,
				4352C02C272B10F2002081D2 /* WizardAppApp.swift */,
				4352C030272B10F5002081D2 /* Assets.xcassets */,
				4352C032272B10F5002081D2 /* Preview Content */,
			);
			path = WizardApp;
			sourceTree = "<group>";
		};
		4352C032272B10F5002081D2 /* Preview Content */ = {
			isa = PBXGroup;
			children = (
				4352C033272B10F5002081D2 /* Preview Assets.xcassets */,
			);
			path = "Preview Content";
			sourceTree = "<group>";
		};
		4352C03A272B1251002081D2 /* Views */ = {
			isa = PBXGroup;
			children = (
				4352C02E272B10F2002081D2 /* ContentView.swift */,
				4352C03B272B1278002081D2 /* LastNameView.swift */,
				4352C043272B1A59002081D2 /* TownView.swift */,
				4352C045272B1A63002081D2 /* ResultView.swift */,
			);
			path = Views;
			sourceTree = "<group>";
		};
		4352C03D272B1573002081D2 /* ViewModels */ = {
			isa = PBXGroup;
			children = (
				4352C041272B1666002081D2 /* UserViewModel.swift */,
			);
			path = ViewModels;
			sourceTree = "<group>";
		};
		4352C03E272B157F002081D2 /* Models */ = {
			isa = PBXGroup;
			children = (
				4352C03F272B15A5002081D2 /* UserModel.swift */,
			);
			path = Models;
			sourceTree = "<group>";
		};
/* End PBXGroup section */

/* Begin PBXNativeTarget section */
		4352C028272B10F2002081D2 /* WizardApp */ = {
			isa = PBXNativeTarget;
			buildConfigurationList = 4352C037272B10F5002081D2 /* Build configuration list for PBXNativeTarget "WizardApp" */;
			buildPhases = (
				4352C025272B10F2002081D2 /* Sources */,
				4352C026272B10F2002081D2 /* Frameworks */,
				4352C027272B10F2002081D2 /* Resources */,
			);
			buildRules = (
			);
			dependencies = (
			);
			name = WizardApp;
			productName = WizardApp;
			productReference = 4352C029272B10F2002081D2 /* WizardApp.app */;
			productType = "com.apple.product-type.application";
		};
/* End PBXNativeTarget section */

/* Begin PBXProject section */
		4352C021272B10F2002081D2 /* Project object */ = {
			isa = PBXProject;
			attributes = {
				BuildIndependentTargetsInParallel = 1;
				LastSwiftUpdateCheck = 1310;
				LastUpgradeCheck = 1310;
				TargetAttributes = {
					4352C028272B10F2002081D2 = {
						CreatedOnToolsVersion = 13.1;
					};
				};
			};
			buildConfigurationList = 4352C024272B10F2002081D2 /* Build configuration list for PBXProject "WizardApp" */;
			compatibilityVersion = "Xcode 13.0";
			developmentRegion = en;
			hasScannedForEncodings = 0;
			knownRegions = (
				en,
				Base,
			);
			mainGroup = 4352C020272B10F2002081D2;
			productRefGroup = 4352C02A272B10F2002081D2 /* Products */;
			projectDirPath = "";
			projectRoot = "";
			targets = (
				4352C028272B10F2002081D2 /* WizardApp */,
			);
		};
/* End PBXProject section */

/* Begin PBXResourcesBuildPhase section */
		4352C027272B10F2002081D2 /* Resources */ = {
			isa = PBXResourcesBuildPhase;
			buildActionMask = 2147483647;
			files = (
				4352C034272B10F5002081D2 /* Preview Assets.xcassets in Resources */,
				4352C031272B10F5002081D2 /* Assets.xcassets in Resources */,
			);
			runOnlyForDeploymentPostprocessing = 0;
		};
/* End PBXResourcesBuildPhase section */

/* Begin PBXSourcesBuildPhase section */
		4352C025272B10F2002081D2 /* Sources */ = {
			isa = PBXSourcesBuildPhase;
			buildActionMask = 2147483647;
			files = (
				4352C044272B1A59002081D2 /* TownView.swift in Sources */,
				4352C02F272B10F2002081D2 /* ContentView.swift in Sources */,
				4352C03C272B1278002081D2 /* LastNameView.swift in Sources */,
				4352C040272B15A5002081D2 /* UserModel.swift in Sources */,
				4352C042272B1666002081D2 /* UserViewModel.swift in Sources */,
				4352C046272B1A63002081D2 /* ResultView.swift in Sources */,
				4352C02D272B10F2002081D2 /* WizardAppApp.swift in Sources */,
			);
			runOnlyForDeploymentPostprocessing = 0;
		};
/* End PBXSourcesBuildPhase section */

/* Begin XCBuildConfiguration section */
		4352C035272B10F5002081D2 /* Debug */ = {
			isa = XCBuildConfiguration;
			buildSettings = {
				ALWAYS_SEARCH_USER_PATHS = NO;
				CLANG_ANALYZER_NONNULL = YES;
				CLANG_ANALYZER_NUMBER_OBJECT_CONVERSION = YES_AGGRESSIVE;
				CLANG_CXX_LANGUAGE_STANDARD = "gnu++17";
				CLANG_CXX_LIBRARY = "libc++";
				CLANG_ENABLE_MODULES = YES;
				CLANG_ENABLE_OBJC_ARC = YES;
				CLANG_ENABLE_OBJC_WEAK = YES;
				CLANG_WARN_BLOCK_CAPTURE_AUTORELEASING = YES;
				CLANG_WARN_BOOL_CONVERSION = YES;
				CLANG_WARN_COMMA = YES;
				CLANG_WARN_CONSTANT_CONVERSION = YES;
				CLANG_WARN_DEPRECATED_OBJC_IMPLEMENTATIONS = YES;
				CLANG_WARN_DIRECT_OBJC_ISA_USAGE = YES_ERROR;
				CLANG_WARN_DOCUMENTATION_COMMENTS = YES;
				CLANG_WARN_EMPTY_BODY = YES;
				CLANG_WARN_ENUM_CONVERSION = YES;
				CLANG_WARN_INFINITE_RECURSION = YES;
				CLANG_WARN_INT_CONVERSION = YES;
				CLANG_WARN_NON_LITERAL_NULL_CONVERSION = YES;
				CLANG_WARN_OBJC_IMPLICIT_RETAIN_SELF = YES;
				CLANG_WARN_OBJC_LITERAL_CONVERSION = YES;
				CLANG_WARN_OBJC_ROOT_CLASS = YES_ERROR;
				CLANG_WARN_QUOTED_INCLUDE_IN_FRAMEWORK_HEADER = YES;
				CLANG_WARN_RANGE_LOOP_ANALYSIS = YES;
				CLANG_WARN_STRICT_PROTOTYPES = YES;
				CLANG_WARN_SUSPICIOUS_MOVE = YES;
				CLANG_WARN_UNGUARDED_AVAILABILITY = YES_AGGRESSIVE;
				CLANG_WARN_UNREACHABLE_CODE = YES;
				CLANG_WARN__DUPLICATE_METHOD_MATCH = YES;
				COPY_PHASE_STRIP = NO;
				DEBUG_INFORMATION_FORMAT = dwarf;
				ENABLE_STRICT_OBJC_MSGSEND = YES;
				ENABLE_TESTABILITY = YES;
				GCC_C_LANGUAGE_STANDARD = gnu11;
				GCC_DYNAMIC_NO_PIC = NO;
				GCC_NO_COMMON_BLOCKS = YES;
				GCC_OPTIMIZATION_LEVEL = 0;
				GCC_PREPROCESSOR_DEFINITIONS = (
					"DEBUG=1",
					"$(inherited)",
				);
				GCC_WARN_64_TO_32_BIT_CONVERSION = YES;
				GCC_WARN_ABOUT_RETURN_TYPE = YES_ERROR;
				GCC_WARN_UNDECLARED_SELECTOR = YES;
				GCC_WARN_UNINITIALIZED_AUTOS = YES_AGGRESSIVE;
				GCC_WARN_UNUSED_FUNCTION = YES;
				GCC_WARN_UNUSED_VARIABLE = YES;
				IPHONEOS_DEPLOYMENT_TARGET = 15.0;
				MTL_ENABLE_DEBUG_INFO = INCLUDE_SOURCE;
				MTL_FAST_MATH = YES;
				ONLY_ACTIVE_ARCH = YES;
				SDKROOT = iphoneos;
				SWIFT_ACTIVE_COMPILATION_CONDITIONS = DEBUG;
				SWIFT_OPTIMIZATION_LEVEL = "-Onone";
			};
			name = Debug;
		};
		4352C036272B10F5002081D2 /* Release */ = {
			isa = XCBuildConfiguration;
			buildSettings = {
				ALWAYS_SEARCH_USER_PATHS = NO;
				CLANG_ANALYZER_NONNULL = YES;
				CLANG_ANALYZER_NUMBER_OBJECT_CONVERSION = YES_AGGRESSIVE;
				CLANG_CXX_LANGUAGE_STANDARD = "gnu++17";
				CLANG_CXX_LIBRARY = "libc++";
				CLANG_ENABLE_MODULES = YES;
				CLANG_ENABLE_OBJC_ARC = YES;
				CLANG_ENABLE_OBJC_WEAK = YES;
				CLANG_WARN_BLOCK_CAPTURE_AUTORELEASING = YES;
				CLANG_WARN_BOOL_CONVERSION = YES;
				CLANG_WARN_COMMA = YES;
				CLANG_WARN_CONSTANT_CONVERSION = YES;
				CLANG_WARN_DEPRECATED_OBJC_IMPLEMENTATIONS = YES;
				CLANG_WARN_DIRECT_OBJC_ISA_USAGE = YES_ERROR;
				CLANG_WARN_DOCUMENTATION_COMMENTS = YES;
				CLANG_WARN_EMPTY_BODY = YES;
				CLANG_WARN_ENUM_CONVERSION = YES;
				CLANG_WARN_INFINITE_RECURSION = YES;
				CLANG_WARN_INT_CONVERSION = YES;
				CLANG_WARN_NON_LITERAL_NULL_CONVERSION = YES;
				CLANG_WARN_OBJC_IMPLICIT_RETAIN_SELF = YES;
				CLANG_WARN_OBJC_LITERAL_CONVERSION = YES;
				CLANG_WARN_OBJC_ROOT_CLASS = YES_ERROR;
				CLANG_WARN_QUOTED_INCLUDE_IN_FRAMEWORK_HEADER = YES;
				CLANG_WARN_RANGE_LOOP_ANALYSIS = YES;
				CLANG_WARN_STRICT_PROTOTYPES = YES;
				CLANG_WARN_SUSPICIOUS_MOVE = YES;
				CLANG_WARN_UNGUARDED_AVAILABILITY = YES_AGGRESSIVE;
				CLANG_WARN_UNREACHABLE_CODE = YES;
				CLANG_WARN__DUPLICATE_METHOD_MATCH = YES;
				COPY_PHASE_STRIP = NO;
				DEBUG_INFORMATION_FORMAT = "dwarf-with-dsym";
				ENABLE_NS_ASSERTIONS = NO;
				ENABLE_STRICT_OBJC_MSGSEND = YES;
				GCC_C_LANGUAGE_STANDARD = gnu11;
				GCC_NO_COMMON_BLOCKS = YES;
				GCC_WARN_64_TO_32_BIT_CONVERSION = YES;
				GCC_WARN_ABOUT_RETURN_TYPE = YES_ERROR;
				GCC_WARN_UNDECLARED_SELECTOR = YES;
				GCC_WARN_UNINITIALIZED_AUTOS = YES_AGGRESSIVE;
				GCC_WARN_UNUSED_FUNCTION = YES;
				GCC_WARN_UNUSED_VARIABLE = YES;
				IPHONEOS_DEPLOYMENT_TARGET = 15.0;
				MTL_ENABLE_DEBUG_INFO = NO;
				MTL_FAST_MATH = YES;
				SDKROOT = iphoneos;
				SWIFT_COMPILATION_MODE = wholemodule;
				SWIFT_OPTIMIZATION_LEVEL = "-O";
				VALIDATE_PRODUCT = YES;
			};
			name = Release;
		};
		4352C038272B10F5002081D2 /* Debug */ = {
			isa = XCBuildConfiguration;
			buildSettings = {
				ASSETCATALOG_COMPILER_APPICON_NAME = AppIcon;
				ASSETCATALOG_COMPILER_GLOBAL_ACCENT_COLOR_NAME = AccentColor;
				CODE_SIGN_STYLE = Automatic;
				CURRENT_PROJECT_VERSION = 1;
				DEVELOPMENT_ASSET_PATHS = "\"WizardApp/Preview Content\"";
				ENABLE_PREVIEWS = YES;
				GENERATE_INFOPLIST_FILE = YES;
				INFOPLIST_KEY_UIApplicationSceneManifest_Generation = YES;
				INFOPLIST_KEY_UIApplicationSupportsIndirectInputEvents = YES;
				INFOPLIST_KEY_UILaunchScreen_Generation = YES;
				INFOPLIST_KEY_UISupportedInterfaceOrientations_iPad = "UIInterfaceOrientationPortrait UIInterfaceOrientationPortraitUpsideDown UIInterfaceOrientationLandscapeLeft UIInterfaceOrientationLandscapeRight";
				INFOPLIST_KEY_UISupportedInterfaceOrientations_iPhone = "UIInterfaceOrientationPortrait UIInterfaceOrientationLandscapeLeft UIInterfaceOrientationLandscapeRight";
				LD_RUNPATH_SEARCH_PATHS = (
					"$(inherited)",
					"@executable_path/Frameworks",
				);
				MARKETING_VERSION = 1.0;
				PRODUCT_BUNDLE_IDENTIFIER = dk.besta18.WizardApp;
				PRODUCT_NAME = "$(TARGET_NAME)";
				SWIFT_EMIT_LOC_STRINGS = YES;
				SWIFT_VERSION = 5.0;
				TARGETED_DEVICE_FAMILY = "1,2";
			};
			name = Debug;
		};
		4352C039272B10F5002081D2 /* Release */ = {
			isa = XCBuildConfiguration;
			buildSettings = {
				ASSETCATALOG_COMPILER_APPICON_NAME = AppIcon;
				ASSETCATALOG_COMPILER_GLOBAL_ACCENT_COLOR_NAME = AccentColor;
				CODE_SIGN_STYLE = Automatic;
				CURRENT_PROJECT_VERSION = 1;
				DEVELOPMENT_ASSET_PATHS = "\"WizardApp/Preview Content\"";
				ENABLE_PREVIEWS = YES;
				GENERATE_INFOPLIST_FILE = YES;
				INFOPLIST_KEY_UIApplicationSceneManifest_Generation = YES;
				INFOPLIST_KEY_UIApplicationSupportsIndirectInputEvents = YES;
				INFOPLIST_KEY_UILaunchScreen_Generation = YES;
				INFOPLIST_KEY_UISupportedInterfaceOrientations_iPad = "UIInterfaceOrientationPortrait UIInterfaceOrientationPortraitUpsideDown UIInterfaceOrientationLandscapeLeft UIInterfaceOrientationLandscapeRight";
				INFOPLIST_KEY_UISupportedInterfaceOrientations_iPhone = "UIInterfaceOrientationPortrait UIInterfaceOrientationLandscapeLeft UIInterfaceOrientationLandscapeRight";
				LD_RUNPATH_SEARCH_PATHS = (
					"$(inherited)",
					"@executable_path/Frameworks",
				);
				MARKETING_VERSION = 1.0;
				PRODUCT_BUNDLE_IDENTIFIER = dk.besta18.WizardApp;
				PRODUCT_NAME = "$(TARGET_NAME)";
				SWIFT_EMIT_LOC_STRINGS = YES;
				SWIFT_VERSION = 5.0;
				TARGETED_DEVICE_FAMILY = "1,2";
			};
			name = Release;
		};
/* End XCBuildConfiguration section */

/* Begin XCConfigurationList section */
		4352C024272B10F2002081D2 /* Build configuration list for PBXProject "WizardApp" */ = {
			isa = XCConfigurationList;
			buildConfigurations = (
				4352C035272B10F5002081D2 /* Debug */,
				4352C036272B10F5002081D2 /* Release */,
			);
			defaultConfigurationIsVisible = 0;
			defaultConfigurationName = Release;
		};
		4352C037272B10F5002081D2 /* Build configuration list for PBXNativeTarget "WizardApp" */ = {
			isa = XCConfigurationList;
			buildConfigurations = (
				4352C038272B10F5002081D2 /* Debug */,
				4352C039272B10F5002081D2 /* Release */,
			);
			defaultConfigurationIsVisible = 0;
			defaultConfigurationName = Release;
		};
/* End XCConfigurationList section */
	};
	rootObject = 4352C021272B10F2002081D2 /* Project object */;
}
