// !$*UTF8*$!
{
	archiveVersion = 1;
	classes = {
	};
	objectVersion = 50;
	objects = {

/* Begin PBXBuildFile section */
		2013F16D252B5BFA00793BB7 /* MathOperations.swift in Sources */ = {isa = PBXBuildFile; fileRef = 2013F16C252B5BFA00793BB7 /* MathOperations.swift */; };
		20280D4E2345FD2E004C9378 /* AppDelegate.swift in Sources */ = {isa = PBXBuildFile; fileRef = 20280D4D2345FD2E004C9378 /* AppDelegate.swift */; };
		20280D502345FD2E004C9378 /* SceneDelegate.swift in Sources */ = {isa = PBXBuildFile; fileRef = 20280D4F2345FD2E004C9378 /* SceneDelegate.swift */; };
		20280D552345FD2E004C9378 /* Main.storyboard in Resources */ = {isa = PBXBuildFile; fileRef = 20280D532345FD2E004C9378 /* Main.storyboard */; };
		20280D572345FD30004C9378 /* Assets.xcassets in Resources */ = {isa = PBXBuildFile; fileRef = 20280D562345FD30004C9378 /* Assets.xcassets */; };
		20280D5A2345FD30004C9378 /* LaunchScreen.storyboard in Resources */ = {isa = PBXBuildFile; fileRef = 20280D582345FD30004C9378 /* LaunchScreen.storyboard */; };
		20280D622345FD56004C9378 /* TriangleViewController.swift in Sources */ = {isa = PBXBuildFile; fileRef = 20280D612345FD56004C9378 /* TriangleViewController.swift */; };
		20280D642345FD96004C9378 /* ResultViewController.swift in Sources */ = {isa = PBXBuildFile; fileRef = 20280D632345FD96004C9378 /* ResultViewController.swift */; };
		20280D662345FDA3004C9378 /* CircleViewController.swift in Sources */ = {isa = PBXBuildFile; fileRef = 20280D652345FDA3004C9378 /* CircleViewController.swift */; };
		20280D682345FDAD004C9378 /* RectangleViewController.swift in Sources */ = {isa = PBXBuildFile; fileRef = 20280D672345FDAD004C9378 /* RectangleViewController.swift */; };
		20280D6E23460410004C9378 /* Circle.swift in Sources */ = {isa = PBXBuildFile; fileRef = 20280D6D23460410004C9378 /* Circle.swift */; };
		20280D7023460437004C9378 /* Rectangle.swift in Sources */ = {isa = PBXBuildFile; fileRef = 20280D6F23460437004C9378 /* Rectangle.swift */; };
		20280D7223460452004C9378 /* Triangle.swift in Sources */ = {isa = PBXBuildFile; fileRef = 20280D7123460452004C9378 /* Triangle.swift */; };
/* End PBXBuildFile section */

/* Begin PBXFileReference section */
		2013F16C252B5BFA00793BB7 /* MathOperations.swift */ = {isa = PBXFileReference; fileEncoding = 4; lastKnownFileType = sourcecode.swift; path = MathOperations.swift; sourceTree = "<group>"; };
		20280D4A2345FD2E004C9378 /* Tools.app */ = {isa = PBXFileReference; explicitFileType = wrapper.application; includeInIndex = 0; path = Tools.app; sourceTree = BUILT_PRODUCTS_DIR; };
		20280D4D2345FD2E004C9378 /* AppDelegate.swift */ = {isa = PBXFileReference; lastKnownFileType = sourcecode.swift; path = AppDelegate.swift; sourceTree = "<group>"; };
		20280D4F2345FD2E004C9378 /* SceneDelegate.swift */ = {isa = PBXFileReference; lastKnownFileType = sourcecode.swift; path = SceneDelegate.swift; sourceTree = "<group>"; };
		20280D542345FD2E004C9378 /* Base */ = {isa = PBXFileReference; lastKnownFileType = file.storyboard; name = Base; path = Base.lproj/Main.storyboard; sourceTree = "<group>"; };
		20280D562345FD30004C9378 /* Assets.xcassets */ = {isa = PBXFileReference; lastKnownFileType = folder.assetcatalog; path = Assets.xcassets; sourceTree = "<group>"; };
		20280D592345FD30004C9378 /* Base */ = {isa = PBXFileReference; lastKnownFileType = file.storyboard; name = Base; path = Base.lproj/LaunchScreen.storyboard; sourceTree = "<group>"; };
		20280D5B2345FD30004C9378 /* Info.plist */ = {isa = PBXFileReference; lastKnownFileType = text.plist.xml; path = Info.plist; sourceTree = "<group>"; };
		20280D612345FD56004C9378 /* TriangleViewController.swift */ = {isa = PBXFileReference; lastKnownFileType = sourcecode.swift; path = TriangleViewController.swift; sourceTree = "<group>"; };
		20280D632345FD96004C9378 /* ResultViewController.swift */ = {isa = PBXFileReference; lastKnownFileType = sourcecode.swift; path = ResultViewController.swift; sourceTree = "<group>"; };
		20280D652345FDA3004C9378 /* CircleViewController.swift */ = {isa = PBXFileReference; lastKnownFileType = sourcecode.swift; path = CircleViewController.swift; sourceTree = "<group>"; };
		20280D672345FDAD004C9378 /* RectangleViewController.swift */ = {isa = PBXFileReference; lastKnownFileType = sourcecode.swift; path = RectangleViewController.swift; sourceTree = "<group>"; };
		20280D6D23460410004C9378 /* Circle.swift */ = {isa = PBXFileReference; lastKnownFileType = sourcecode.swift; path = Circle.swift; sourceTree = "<group>"; };
		20280D6F23460437004C9378 /* Rectangle.swift */ = {isa = PBXFileReference; lastKnownFileType = sourcecode.swift; path = Rectangle.swift; sourceTree = "<group>"; };
		20280D7123460452004C9378 /* Triangle.swift */ = {isa = PBXFileReference; lastKnownFileType = sourcecode.swift; path = Triangle.swift; sourceTree = "<group>"; };
/* End PBXFileReference section */

/* Begin PBXFrameworksBuildPhase section */
		20280D472345FD2E004C9378 /* Frameworks */ = {
			isa = PBXFrameworksBuildPhase;
			buildActionMask = 2147483647;
			files = (
			);
			runOnlyForDeploymentPostprocessing = 0;
		};
/* End PBXFrameworksBuildPhase section */

/* Begin PBXGroup section */
		20280D412345FD2E004C9378 = {
			isa = PBXGroup;
			children = (
				20280D4C2345FD2E004C9378 /* Tools */,
				20280D4B2345FD2E004C9378 /* Products */,
			);
			sourceTree = "<group>";
		};
		20280D4B2345FD2E004C9378 /* Products */ = {
			isa = PBXGroup;
			children = (
				20280D4A2345FD2E004C9378 /* Tools.app */,
			);
			name = Products;
			sourceTree = "<group>";
		};
		20280D4C2345FD2E004C9378 /* Tools */ = {
			isa = PBXGroup;
			children = (
				20280D6A2346034C004C9378 /* Views */,
				20280D6923460337004C9378 /* Controllers */,
				20280D6B23460352004C9378 /* Models */,
				20280D6C2346035B004C9378 /* Supporting Files */,
				20280D5B2345FD30004C9378 /* Info.plist */,
			);
			path = Tools;
			sourceTree = "<group>";
		};
		20280D6923460337004C9378 /* Controllers */ = {
			isa = PBXGroup;
			children = (
				20280D632345FD96004C9378 /* ResultViewController.swift */,
				20280D612345FD56004C9378 /* TriangleViewController.swift */,
				20280D652345FDA3004C9378 /* CircleViewController.swift */,
				20280D672345FDAD004C9378 /* RectangleViewController.swift */,
			);
			path = Controllers;
			sourceTree = "<group>";
		};
		20280D6A2346034C004C9378 /* Views */ = {
			isa = PBXGroup;
			children = (
				20280D532345FD2E004C9378 /* Main.storyboard */,
			);
			path = Views;
			sourceTree = "<group>";
		};
		20280D6B23460352004C9378 /* Models */ = {
			isa = PBXGroup;
			children = (
				2013F16C252B5BFA00793BB7 /* MathOperations.swift */,
				20280D7123460452004C9378 /* Triangle.swift */,
				20280D6D23460410004C9378 /* Circle.swift */,
				20280D6F23460437004C9378 /* Rectangle.swift */,
			);
			path = Models;
			sourceTree = "<group>";
		};
		20280D6C2346035B004C9378 /* Supporting Files */ = {
			isa = PBXGroup;
			children = (
				20280D4D2345FD2E004C9378 /* AppDelegate.swift */,
				20280D4F2345FD2E004C9378 /* SceneDelegate.swift */,
				20280D562345FD30004C9378 /* Assets.xcassets */,
				20280D582345FD30004C9378 /* LaunchScreen.storyboard */,
			);
			path = "Supporting Files";
			sourceTree = "<group>";
		};
/* End PBXGroup section */

/* Begin PBXNativeTarget section */
		20280D492345FD2E004C9378 /* Tools */ = {
			isa = PBXNativeTarget;
			buildConfigurationList = 20280D5E2345FD30004C9378 /* Build configuration list for PBXNativeTarget "Tools" */;
			buildPhases = (
				20280D462345FD2E004C9378 /* Sources */,
				20280D472345FD2E004C9378 /* Frameworks */,
				20280D482345FD2E004C9378 /* Resources */,
			);
			buildRules = (
			);
			dependencies = (
			);
			name = Tools;
			productName = Tools;
			productReference = 20280D4A2345FD2E004C9378 /* Tools.app */;
			productType = "com.apple.product-type.application";
		};
/* End PBXNativeTarget section */

/* Begin PBXProject section */
		20280D422345FD2E004C9378 /* Project object */ = {
			isa = PBXProject;
			attributes = {
				LastSwiftUpdateCheck = 1100;
				LastUpgradeCheck = 1100;
				ORGANIZATIONNAME = "Emil Nielsen";
				TargetAttributes = {
					20280D492345FD2E004C9378 = {
						CreatedOnToolsVersion = 11.0;
					};
				};
			};
			buildConfigurationList = 20280D452345FD2E004C9378 /* Build configuration list for PBXProject "Tools" */;
			compatibilityVersion = "Xcode 9.3";
			developmentRegion = en;
			hasScannedForEncodings = 0;
			knownRegions = (
				en,
				Base,
			);
			mainGroup = 20280D412345FD2E004C9378;
			productRefGroup = 20280D4B2345FD2E004C9378 /* Products */;
			projectDirPath = "";
			projectRoot = "";
			targets = (
				20280D492345FD2E004C9378 /* Tools */,
			);
		};
/* End PBXProject section */

/* Begin PBXResourcesBuildPhase section */
		20280D482345FD2E004C9378 /* Resources */ = {
			isa = PBXResourcesBuildPhase;
			buildActionMask = 2147483647;
			files = (
				20280D5A2345FD30004C9378 /* LaunchScreen.storyboard in Resources */,
				20280D572345FD30004C9378 /* Assets.xcassets in Resources */,
				20280D552345FD2E004C9378 /* Main.storyboard in Resources */,
			);
			runOnlyForDeploymentPostprocessing = 0;
		};
/* End PBXResourcesBuildPhase section */

/* Begin PBXSourcesBuildPhase section */
		20280D462345FD2E004C9378 /* Sources */ = {
			isa = PBXSourcesBuildPhase;
			buildActionMask = 2147483647;
			files = (
				20280D6E23460410004C9378 /* Circle.swift in Sources */,
				20280D642345FD96004C9378 /* ResultViewController.swift in Sources */,
				20280D4E2345FD2E004C9378 /* AppDelegate.swift in Sources */,
				20280D7223460452004C9378 /* Triangle.swift in Sources */,
				20280D622345FD56004C9378 /* TriangleViewController.swift in Sources */,
				20280D682345FDAD004C9378 /* RectangleViewController.swift in Sources */,
				20280D502345FD2E004C9378 /* SceneDelegate.swift in Sources */,
				2013F16D252B5BFA00793BB7 /* MathOperations.swift in Sources */,
				20280D662345FDA3004C9378 /* CircleViewController.swift in Sources */,
				20280D7023460437004C9378 /* Rectangle.swift in Sources */,
			);
			runOnlyForDeploymentPostprocessing = 0;
		};
/* End PBXSourcesBuildPhase section */

/* Begin PBXVariantGroup section */
		20280D532345FD2E004C9378 /* Main.storyboard */ = {
			isa = PBXVariantGroup;
			children = (
				20280D542345FD2E004C9378 /* Base */,
			);
			name = Main.storyboard;
			sourceTree = "<group>";
		};
		20280D582345FD30004C9378 /* LaunchScreen.storyboard */ = {
			isa = PBXVariantGroup;
			children = (
				20280D592345FD30004C9378 /* Base */,
			);
			name = LaunchScreen.storyboard;
			sourceTree = "<group>";
		};
/* End PBXVariantGroup section */

/* Begin XCBuildConfiguration section */
		20280D5C2345FD30004C9378 /* Debug */ = {
			isa = XCBuildConfiguration;
			buildSettings = {
				ALWAYS_SEARCH_USER_PATHS = NO;
				CLANG_ANALYZER_NONNULL = YES;
				CLANG_ANALYZER_NUMBER_OBJECT_CONVERSION = YES_AGGRESSIVE;
				CLANG_CXX_LANGUAGE_STANDARD = "gnu++14";
				CLANG_CXX_LIBRARY = "libc++";
				CLANG_ENABLE_MODULES = YES;
				CLANG_ENABLE_OBJC_ARC = YES;
				CLANG_ENABLE_OBJC_WEAK = YES;
				CLANG_WARN_BLOCK_CAPTURE_AUTORELEASING = YES;
				CLANG_WARN_BOOL_CONVERSION = YES;
				CLANG_WARN_COMMA = YES;
				CLANG_WARN_CONSTANT_CONVERSION = YES;
				CLANG_WARN_DEPRECATED_OBJC_IMPLEMENTATIONS = YES;
				CLANG_WARN_DIRECT_OBJC_ISA_USAGE = YES_ERROR;
				CLANG_WARN_DOCUMENTATION_COMMENTS = YES;
				CLANG_WARN_EMPTY_BODY = YES;
				CLANG_WARN_ENUM_CONVERSION = YES;
				CLANG_WARN_INFINITE_RECURSION = YES;
				CLANG_WARN_INT_CONVERSION = YES;
				CLANG_WARN_NON_LITERAL_NULL_CONVERSION = YES;
				CLANG_WARN_OBJC_IMPLICIT_RETAIN_SELF = YES;
				CLANG_WARN_OBJC_LITERAL_CONVERSION = YES;
				CLANG_WARN_OBJC_ROOT_CLASS = YES_ERROR;
				CLANG_WARN_RANGE_LOOP_ANALYSIS = YES;
				CLANG_WARN_STRICT_PROTOTYPES = YES;
				CLANG_WARN_SUSPICIOUS_MOVE = YES;
				CLANG_WARN_UNGUARDED_AVAILABILITY = YES_AGGRESSIVE;
				CLANG_WARN_UNREACHABLE_CODE = YES;
				CLANG_WARN__DUPLICATE_METHOD_MATCH = YES;
				COPY_PHASE_STRIP = NO;
				DEBUG_INFORMATION_FORMAT = dwarf;
				ENABLE_STRICT_OBJC_MSGSEND = YES;
				ENABLE_TESTABILITY = YES;
				GCC_C_LANGUAGE_STANDARD = gnu11;
				GCC_DYNAMIC_NO_PIC = NO;
				GCC_NO_COMMON_BLOCKS = YES;
				GCC_OPTIMIZATION_LEVEL = 0;
				GCC_PREPROCESSOR_DEFINITIONS = (
					"DEBUG=1",
					"$(inherited)",
				);
				GCC_WARN_64_TO_32_BIT_CONVERSION = YES;
				GCC_WARN_ABOUT_RETURN_TYPE = YES_ERROR;
				GCC_WARN_UNDECLARED_SELECTOR = YES;
				GCC_WARN_UNINITIALIZED_AUTOS = YES_AGGRESSIVE;
				GCC_WARN_UNUSED_FUNCTION = YES;
				GCC_WARN_UNUSED_VARIABLE = YES;
				IPHONEOS_DEPLOYMENT_TARGET = 13.0;
				MTL_ENABLE_DEBUG_INFO = INCLUDE_SOURCE;
				MTL_FAST_MATH = YES;
				ONLY_ACTIVE_ARCH = YES;
				SDKROOT = iphoneos;
				SWIFT_ACTIVE_COMPILATION_CONDITIONS = DEBUG;
				SWIFT_OPTIMIZATION_LEVEL = "-Onone";
			};
			name = Debug;
		};
		20280D5D2345FD30004C9378 /* Release */ = {
			isa = XCBuildConfiguration;
			buildSettings = {
				ALWAYS_SEARCH_USER_PATHS = NO;
				CLANG_ANALYZER_NONNULL = YES;
				CLANG_ANALYZER_NUMBER_OBJECT_CONVERSION = YES_AGGRESSIVE;
				CLANG_CXX_LANGUAGE_STANDARD = "gnu++14";
				CLANG_CXX_LIBRARY = "libc++";
				CLANG_ENABLE_MODULES = YES;
				CLANG_ENABLE_OBJC_ARC = YES;
				CLANG_ENABLE_OBJC_WEAK = YES;
				CLANG_WARN_BLOCK_CAPTURE_AUTORELEASING = YES;
				CLANG_WARN_BOOL_CONVERSION = YES;
				CLANG_WARN_COMMA = YES;
				CLANG_WARN_CONSTANT_CONVERSION = YES;
				CLANG_WARN_DEPRECATED_OBJC_IMPLEMENTATIONS = YES;
				CLANG_WARN_DIRECT_OBJC_ISA_USAGE = YES_ERROR;
				CLANG_WARN_DOCUMENTATION_COMMENTS = YES;
				CLANG_WARN_EMPTY_BODY = YES;
				CLANG_WARN_ENUM_CONVERSION = YES;
				CLANG_WARN_INFINITE_RECURSION = YES;
				CLANG_WARN_INT_CONVERSION = YES;
				CLANG_WARN_NON_LITERAL_NULL_CONVERSION = YES;
				CLANG_WARN_OBJC_IMPLICIT_RETAIN_SELF = YES;
				CLANG_WARN_OBJC_LITERAL_CONVERSION = YES;
				CLANG_WARN_OBJC_ROOT_CLASS = YES_ERROR;
				CLANG_WARN_RANGE_LOOP_ANALYSIS = YES;
				CLANG_WARN_STRICT_PROTOTYPES = YES;
				CLANG_WARN_SUSPICIOUS_MOVE = YES;
				CLANG_WARN_UNGUARDED_AVAILABILITY = YES_AGGRESSIVE;
				CLANG_WARN_UNREACHABLE_CODE = YES;
				CLANG_WARN__DUPLICATE_METHOD_MATCH = YES;
				COPY_PHASE_STRIP = NO;
				DEBUG_INFORMATION_FORMAT = "dwarf-with-dsym";
				ENABLE_NS_ASSERTIONS = NO;
				ENABLE_STRICT_OBJC_MSGSEND = YES;
				GCC_C_LANGUAGE_STANDARD = gnu11;
				GCC_NO_COMMON_BLOCKS = YES;
				GCC_WARN_64_TO_32_BIT_CONVERSION = YES;
				GCC_WARN_ABOUT_RETURN_TYPE = YES_ERROR;
				GCC_WARN_UNDECLARED_SELECTOR = YES;
				GCC_WARN_UNINITIALIZED_AUTOS = YES_AGGRESSIVE;
				GCC_WARN_UNUSED_FUNCTION = YES;
				GCC_WARN_UNUSED_VARIABLE = YES;
				IPHONEOS_DEPLOYMENT_TARGET = 13.0;
				MTL_ENABLE_DEBUG_INFO = NO;
				MTL_FAST_MATH = YES;
				SDKROOT = iphoneos;
				SWIFT_COMPILATION_MODE = wholemodule;
				SWIFT_OPTIMIZATION_LEVEL = "-O";
				VALIDATE_PRODUCT = YES;
			};
			name = Release;
		};
		20280D5F2345FD30004C9378 /* Debug */ = {
			isa = XCBuildConfiguration;
			buildSettings = {
				ASSETCATALOG_COMPILER_APPICON_NAME = AppIcon;
				CODE_SIGN_STYLE = Automatic;
				DEVELOPMENT_TEAM = "";
				INFOPLIST_FILE = Tools/Info.plist;
				LD_RUNPATH_SEARCH_PATHS = (
					"$(inherited)",
					"@executable_path/Frameworks",
				);
				PRODUCT_BUNDLE_IDENTIFIER = sdu.eniel16.Tools;
				PRODUCT_NAME = "$(TARGET_NAME)";
				SWIFT_VERSION = 5.0;
				TARGETED_DEVICE_FAMILY = "1,2";
			};
			name = Debug;
		};
		20280D602345FD30004C9378 /* Release */ = {
			isa = XCBuildConfiguration;
			buildSettings = {
				ASSETCATALOG_COMPILER_APPICON_NAME = AppIcon;
				CODE_SIGN_STYLE = Automatic;
				DEVELOPMENT_TEAM = "";
				INFOPLIST_FILE = Tools/Info.plist;
				LD_RUNPATH_SEARCH_PATHS = (
					"$(inherited)",
					"@executable_path/Frameworks",
				);
				PRODUCT_BUNDLE_IDENTIFIER = sdu.eniel16.Tools;
				PRODUCT_NAME = "$(TARGET_NAME)";
				SWIFT_VERSION = 5.0;
				TARGETED_DEVICE_FAMILY = "1,2";
			};
			name = Release;
		};
/* End XCBuildConfiguration section */

/* Begin XCConfigurationList section */
		20280D452345FD2E004C9378 /* Build configuration list for PBXProject "Tools" */ = {
			isa = XCConfigurationList;
			buildConfigurations = (
				20280D5C2345FD30004C9378 /* Debug */,
				20280D5D2345FD30004C9378 /* Release */,
			);
			defaultConfigurationIsVisible = 0;
			defaultConfigurationName = Release;
		};
		20280D5E2345FD30004C9378 /* Build configuration list for PBXNativeTarget "Tools" */ = {
			isa = XCConfigurationList;
			buildConfigurations = (
				20280D5F2345FD30004C9378 /* Debug */,
				20280D602345FD30004C9378 /* Release */,
			);
			defaultConfigurationIsVisible = 0;
			defaultConfigurationName = Release;
		};
/* End XCConfigurationList section */
	};
	rootObject = 20280D422345FD2E004C9378 /* Project object */;
}
