// !$*UTF8*$!
{
	archiveVersion = 1;
	classes = {
	};
	objectVersion = 55;
	objects = {

/* Begin PBXBuildFile section */
		436783FC270F10B9007D365F /* ContentView.swift in Sources */ = {isa = PBXBuildFile; fileRef = 436B1254270F07770005BF37 /* ContentView.swift */; };
		436B1253270F07770005BF37 /* TicTacToeMultiViewApp.swift in Sources */ = {isa = PBXBuildFile; fileRef = 436B1252270F07770005BF37 /* TicTacToeMultiViewApp.swift */; };
		436B1257270F077C0005BF37 /* Assets.xcassets in Resources */ = {isa = PBXBuildFile; fileRef = 436B1256270F077C0005BF37 /* Assets.xcassets */; };
		436B125A270F077C0005BF37 /* Preview Assets.xcassets in Resources */ = {isa = PBXBuildFile; fileRef = 436B1259270F077C0005BF37 /* Preview Assets.xcassets */; };
		436B1275270F08B10005BF37 /* BoardViewModel.swift in Sources */ = {isa = PBXBuildFile; fileRef = 436B1274270F08B10005BF37 /* BoardViewModel.swift */; };
		436B1277270F08BB0005BF37 /* BoardModel.swift in Sources */ = {isa = PBXBuildFile; fileRef = 436B1276270F08BB0005BF37 /* BoardModel.swift */; };
		436B1279270F08D60005BF37 /* FieldState.swift in Sources */ = {isa = PBXBuildFile; fileRef = 436B1278270F08D60005BF37 /* FieldState.swift */; };
		436B127B270F0A8F0005BF37 /* BoardView.swift in Sources */ = {isa = PBXBuildFile; fileRef = 436B127A270F0A8F0005BF37 /* BoardView.swift */; };
		436B127D270F0A9E0005BF37 /* FieldView.swift in Sources */ = {isa = PBXBuildFile; fileRef = 436B127C270F0A9E0005BF37 /* FieldView.swift */; };
/* End PBXBuildFile section */

/* Begin PBXFileReference section */
		436B124F270F07770005BF37 /* TicTacToeAnimation1.app */ = {isa = PBXFileReference; explicitFileType = wrapper.application; includeInIndex = 0; path = TicTacToeAnimation1.app; sourceTree = BUILT_PRODUCTS_DIR; };
		436B1252270F07770005BF37 /* TicTacToeMultiViewApp.swift */ = {isa = PBXFileReference; lastKnownFileType = sourcecode.swift; path = TicTacToeMultiViewApp.swift; sourceTree = "<group>"; };
		436B1254270F07770005BF37 /* ContentView.swift */ = {isa = PBXFileReference; lastKnownFileType = sourcecode.swift; path = ContentView.swift; sourceTree = "<group>"; };
		436B1256270F077C0005BF37 /* Assets.xcassets */ = {isa = PBXFileReference; lastKnownFileType = folder.assetcatalog; path = Assets.xcassets; sourceTree = "<group>"; };
		436B1259270F077C0005BF37 /* Preview Assets.xcassets */ = {isa = PBXFileReference; lastKnownFileType = folder.assetcatalog; path = "Preview Assets.xcassets"; sourceTree = "<group>"; };
		436B1274270F08B10005BF37 /* BoardViewModel.swift */ = {isa = PBXFileReference; lastKnownFileType = sourcecode.swift; path = BoardViewModel.swift; sourceTree = "<group>"; };
		436B1276270F08BB0005BF37 /* BoardModel.swift */ = {isa = PBXFileReference; lastKnownFileType = sourcecode.swift; path = BoardModel.swift; sourceTree = "<group>"; };
		436B1278270F08D60005BF37 /* FieldState.swift */ = {isa = PBXFileReference; lastKnownFileType = sourcecode.swift; path = FieldState.swift; sourceTree = "<group>"; };
		436B127A270F0A8F0005BF37 /* BoardView.swift */ = {isa = PBXFileReference; lastKnownFileType = sourcecode.swift; path = BoardView.swift; sourceTree = "<group>"; };
		436B127C270F0A9E0005BF37 /* FieldView.swift */ = {isa = PBXFileReference; lastKnownFileType = sourcecode.swift; path = FieldView.swift; sourceTree = "<group>"; };
/* End PBXFileReference section */

/* Begin PBXFrameworksBuildPhase section */
		436B124C270F07770005BF37 /* Frameworks */ = {
			isa = PBXFrameworksBuildPhase;
			buildActionMask = 2147483647;
			files = (
			);
			runOnlyForDeploymentPostprocessing = 0;
		};
/* End PBXFrameworksBuildPhase section */

/* Begin PBXGroup section */
		436B1246270F07770005BF37 = {
			isa = PBXGroup;
			children = (
				436B1251270F07770005BF37 /* TicTacToeAnimation1 */,
				436B1250270F07770005BF37 /* Products */,
			);
			sourceTree = "<group>";
		};
		436B1250270F07770005BF37 /* Products */ = {
			isa = PBXGroup;
			children = (
				436B124F270F07770005BF37 /* TicTacToeAnimation1.app */,
			);
			name = Products;
			sourceTree = "<group>";
		};
		436B1251270F07770005BF37 /* TicTacToeAnimation1 */ = {
			isa = PBXGroup;
			children = (
				436B1273270F08580005BF37 /* Views */,
				436B1272270F08500005BF37 /* ViewModels */,
				436B1271270F08410005BF37 /* Models */,
				436B1252270F07770005BF37 /* TicTacToeMultiViewApp.swift */,
				436B1256270F077C0005BF37 /* Assets.xcassets */,
				436B1258270F077C0005BF37 /* Preview Content */,
			);
			path = TicTacToeAnimation1;
			sourceTree = "<group>";
		};
		436B1258270F077C0005BF37 /* Preview Content */ = {
			isa = PBXGroup;
			children = (
				436B1259270F077C0005BF37 /* Preview Assets.xcassets */,
			);
			path = "Preview Content";
			sourceTree = "<group>";
		};
		436B1271270F08410005BF37 /* Models */ = {
			isa = PBXGroup;
			children = (
				436B1276270F08BB0005BF37 /* BoardModel.swift */,
				436B1278270F08D60005BF37 /* FieldState.swift */,
			);
			path = Models;
			sourceTree = "<group>";
		};
		436B1272270F08500005BF37 /* ViewModels */ = {
			isa = PBXGroup;
			children = (
				436B1274270F08B10005BF37 /* BoardViewModel.swift */,
			);
			path = ViewModels;
			sourceTree = "<group>";
		};
		436B1273270F08580005BF37 /* Views */ = {
			isa = PBXGroup;
			children = (
				436B1254270F07770005BF37 /* ContentView.swift */,
				436B127A270F0A8F0005BF37 /* BoardView.swift */,
				436B127C270F0A9E0005BF37 /* FieldView.swift */,
			);
			path = Views;
			sourceTree = "<group>";
		};
/* End PBXGroup section */

/* Begin PBXNativeTarget section */
		436B124E270F07770005BF37 /* TicTacToeAnimation1 */ = {
			isa = PBXNativeTarget;
			buildConfigurationList = 436B125D270F077C0005BF37 /* Build configuration list for PBXNativeTarget "TicTacToeAnimation1" */;
			buildPhases = (
				436B124B270F07770005BF37 /* Sources */,
				436B124C270F07770005BF37 /* Frameworks */,
				436B124D270F07770005BF37 /* Resources */,
			);
			buildRules = (
			);
			dependencies = (
			);
			name = TicTacToeAnimation1;
			productName = TicTacToeMultiView;
			productReference = 436B124F270F07770005BF37 /* TicTacToeAnimation1.app */;
			productType = "com.apple.product-type.application";
		};
/* End PBXNativeTarget section */

/* Begin PBXProject section */
		436B1247270F07770005BF37 /* Project object */ = {
			isa = PBXProject;
			attributes = {
				BuildIndependentTargetsInParallel = 1;
				LastSwiftUpdateCheck = 1300;
				LastUpgradeCheck = 1300;
				TargetAttributes = {
					436B124E270F07770005BF37 = {
						CreatedOnToolsVersion = 13.0;
					};
				};
			};
			buildConfigurationList = 436B124A270F07770005BF37 /* Build configuration list for PBXProject "TicTacToeAnimation1" */;
			compatibilityVersion = "Xcode 13.0";
			developmentRegion = en;
			hasScannedForEncodings = 0;
			knownRegions = (
				en,
				Base,
			);
			mainGroup = 436B1246270F07770005BF37;
			productRefGroup = 436B1250270F07770005BF37 /* Products */;
			projectDirPath = "";
			projectRoot = "";
			targets = (
				436B124E270F07770005BF37 /* TicTacToeAnimation1 */,
			);
		};
/* End PBXProject section */

/* Begin PBXResourcesBuildPhase section */
		436B124D270F07770005BF37 /* Resources */ = {
			isa = PBXResourcesBuildPhase;
			buildActionMask = 2147483647;
			files = (
				436B125A270F077C0005BF37 /* Preview Assets.xcassets in Resources */,
				436B1257270F077C0005BF37 /* Assets.xcassets in Resources */,
			);
			runOnlyForDeploymentPostprocessing = 0;
		};
/* End PBXResourcesBuildPhase section */

/* Begin PBXSourcesBuildPhase section */
		436B124B270F07770005BF37 /* Sources */ = {
			isa = PBXSourcesBuildPhase;
			buildActionMask = 2147483647;
			files = (
				436B1277270F08BB0005BF37 /* BoardModel.swift in Sources */,
				436B1279270F08D60005BF37 /* FieldState.swift in Sources */,
				436783FC270F10B9007D365F /* ContentView.swift in Sources */,
				436B127B270F0A8F0005BF37 /* BoardView.swift in Sources */,
				436B1253270F07770005BF37 /* TicTacToeMultiViewApp.swift in Sources */,
				436B1275270F08B10005BF37 /* BoardViewModel.swift in Sources */,
				436B127D270F0A9E0005BF37 /* FieldView.swift in Sources */,
			);
			runOnlyForDeploymentPostprocessing = 0;
		};
/* End PBXSourcesBuildPhase section */

/* Begin XCBuildConfiguration section */
		436B125B270F077C0005BF37 /* Debug */ = {
			isa = XCBuildConfiguration;
			buildSettings = {
				ALWAYS_SEARCH_USER_PATHS = NO;
				CLANG_ANALYZER_NONNULL = YES;
				CLANG_ANALYZER_NUMBER_OBJECT_CONVERSION = YES_AGGRESSIVE;
				CLANG_CXX_LANGUAGE_STANDARD = "gnu++17";
				CLANG_CXX_LIBRARY = "libc++";
				CLANG_ENABLE_MODULES = YES;
				CLANG_ENABLE_OBJC_ARC = YES;
				CLANG_ENABLE_OBJC_WEAK = YES;
				CLANG_WARN_BLOCK_CAPTURE_AUTORELEASING = YES;
				CLANG_WARN_BOOL_CONVERSION = YES;
				CLANG_WARN_COMMA = YES;
				CLANG_WARN_CONSTANT_CONVERSION = YES;
				CLANG_WARN_DEPRECATED_OBJC_IMPLEMENTATIONS = YES;
				CLANG_WARN_DIRECT_OBJC_ISA_USAGE = YES_ERROR;
				CLANG_WARN_DOCUMENTATION_COMMENTS = YES;
				CLANG_WARN_EMPTY_BODY = YES;
				CLANG_WARN_ENUM_CONVERSION = YES;
				CLANG_WARN_INFINITE_RECURSION = YES;
				CLANG_WARN_INT_CONVERSION = YES;
				CLANG_WARN_NON_LITERAL_NULL_CONVERSION = YES;
				CLANG_WARN_OBJC_IMPLICIT_RETAIN_SELF = YES;
				CLANG_WARN_OBJC_LITERAL_CONVERSION = YES;
				CLANG_WARN_OBJC_ROOT_CLASS = YES_ERROR;
				CLANG_WARN_QUOTED_INCLUDE_IN_FRAMEWORK_HEADER = YES;
				CLANG_WARN_RANGE_LOOP_ANALYSIS = YES;
				CLANG_WARN_STRICT_PROTOTYPES = YES;
				CLANG_WARN_SUSPICIOUS_MOVE = YES;
				CLANG_WARN_UNGUARDED_AVAILABILITY = YES_AGGRESSIVE;
				CLANG_WARN_UNREACHABLE_CODE = YES;
				CLANG_WARN__DUPLICATE_METHOD_MATCH = YES;
				COPY_PHASE_STRIP = NO;
				DEBUG_INFORMATION_FORMAT = dwarf;
				ENABLE_STRICT_OBJC_MSGSEND = YES;
				ENABLE_TESTABILITY = YES;
				GCC_C_LANGUAGE_STANDARD = gnu11;
				GCC_DYNAMIC_NO_PIC = NO;
				GCC_NO_COMMON_BLOCKS = YES;
				GCC_OPTIMIZATION_LEVEL = 0;
				GCC_PREPROCESSOR_DEFINITIONS = (
					"DEBUG=1",
					"$(inherited)",
				);
				GCC_WARN_64_TO_32_BIT_CONVERSION = YES;
				GCC_WARN_ABOUT_RETURN_TYPE = YES_ERROR;
				GCC_WARN_UNDECLARED_SELECTOR = YES;
				GCC_WARN_UNINITIALIZED_AUTOS = YES_AGGRESSIVE;
				GCC_WARN_UNUSED_FUNCTION = YES;
				GCC_WARN_UNUSED_VARIABLE = YES;
				IPHONEOS_DEPLOYMENT_TARGET = 15.0;
				MTL_ENABLE_DEBUG_INFO = INCLUDE_SOURCE;
				MTL_FAST_MATH = YES;
				ONLY_ACTIVE_ARCH = YES;
				SDKROOT = iphoneos;
				SWIFT_ACTIVE_COMPILATION_CONDITIONS = DEBUG;
				SWIFT_OPTIMIZATION_LEVEL = "-Onone";
			};
			name = Debug;
		};
		436B125C270F077C0005BF37 /* Release */ = {
			isa = XCBuildConfiguration;
			buildSettings = {
				ALWAYS_SEARCH_USER_PATHS = NO;
				CLANG_ANALYZER_NONNULL = YES;
				CLANG_ANALYZER_NUMBER_OBJECT_CONVERSION = YES_AGGRESSIVE;
				CLANG_CXX_LANGUAGE_STANDARD = "gnu++17";
				CLANG_CXX_LIBRARY = "libc++";
				CLANG_ENABLE_MODULES = YES;
				CLANG_ENABLE_OBJC_ARC = YES;
				CLANG_ENABLE_OBJC_WEAK = YES;
				CLANG_WARN_BLOCK_CAPTURE_AUTORELEASING = YES;
				CLANG_WARN_BOOL_CONVERSION = YES;
				CLANG_WARN_COMMA = YES;
				CLANG_WARN_CONSTANT_CONVERSION = YES;
				CLANG_WARN_DEPRECATED_OBJC_IMPLEMENTATIONS = YES;
				CLANG_WARN_DIRECT_OBJC_ISA_USAGE = YES_ERROR;
				CLANG_WARN_DOCUMENTATION_COMMENTS = YES;
				CLANG_WARN_EMPTY_BODY = YES;
				CLANG_WARN_ENUM_CONVERSION = YES;
				CLANG_WARN_INFINITE_RECURSION = YES;
				CLANG_WARN_INT_CONVERSION = YES;
				CLANG_WARN_NON_LITERAL_NULL_CONVERSION = YES;
				CLANG_WARN_OBJC_IMPLICIT_RETAIN_SELF = YES;
				CLANG_WARN_OBJC_LITERAL_CONVERSION = YES;
				CLANG_WARN_OBJC_ROOT_CLASS = YES_ERROR;
				CLANG_WARN_QUOTED_INCLUDE_IN_FRAMEWORK_HEADER = YES;
				CLANG_WARN_RANGE_LOOP_ANALYSIS = YES;
				CLANG_WARN_STRICT_PROTOTYPES = YES;
				CLANG_WARN_SUSPICIOUS_MOVE = YES;
				CLANG_WARN_UNGUARDED_AVAILABILITY = YES_AGGRESSIVE;
				CLANG_WARN_UNREACHABLE_CODE = YES;
				CLANG_WARN__DUPLICATE_METHOD_MATCH = YES;
				COPY_PHASE_STRIP = NO;
				DEBUG_INFORMATION_FORMAT = "dwarf-with-dsym";
				ENABLE_NS_ASSERTIONS = NO;
				ENABLE_STRICT_OBJC_MSGSEND = YES;
				GCC_C_LANGUAGE_STANDARD = gnu11;
				GCC_NO_COMMON_BLOCKS = YES;
				GCC_WARN_64_TO_32_BIT_CONVERSION = YES;
				GCC_WARN_ABOUT_RETURN_TYPE = YES_ERROR;
				GCC_WARN_UNDECLARED_SELECTOR = YES;
				GCC_WARN_UNINITIALIZED_AUTOS = YES_AGGRESSIVE;
				GCC_WARN_UNUSED_FUNCTION = YES;
				GCC_WARN_UNUSED_VARIABLE = YES;
				IPHONEOS_DEPLOYMENT_TARGET = 15.0;
				MTL_ENABLE_DEBUG_INFO = NO;
				MTL_FAST_MATH = YES;
				SDKROOT = iphoneos;
				SWIFT_COMPILATION_MODE = wholemodule;
				SWIFT_OPTIMIZATION_LEVEL = "-O";
				VALIDATE_PRODUCT = YES;
			};
			name = Release;
		};
		436B125E270F077C0005BF37 /* Debug */ = {
			isa = XCBuildConfiguration;
			buildSettings = {
				ASSETCATALOG_COMPILER_APPICON_NAME = AppIcon;
				ASSETCATALOG_COMPILER_GLOBAL_ACCENT_COLOR_NAME = AccentColor;
				CODE_SIGN_STYLE = Automatic;
				CURRENT_PROJECT_VERSION = 1;
				DEVELOPMENT_ASSET_PATHS = "\"TicTacToeAnimation1/Preview Content\"";
				ENABLE_PREVIEWS = YES;
				GENERATE_INFOPLIST_FILE = YES;
				INFOPLIST_KEY_UIApplicationSceneManifest_Generation = YES;
				INFOPLIST_KEY_UIApplicationSupportsIndirectInputEvents = YES;
				INFOPLIST_KEY_UILaunchScreen_Generation = YES;
				INFOPLIST_KEY_UISupportedInterfaceOrientations_iPad = "UIInterfaceOrientationPortrait UIInterfaceOrientationPortraitUpsideDown UIInterfaceOrientationLandscapeLeft UIInterfaceOrientationLandscapeRight";
				INFOPLIST_KEY_UISupportedInterfaceOrientations_iPhone = "UIInterfaceOrientationPortrait UIInterfaceOrientationLandscapeLeft UIInterfaceOrientationLandscapeRight";
				IPHONEOS_DEPLOYMENT_TARGET = 14.0;
				LD_RUNPATH_SEARCH_PATHS = (
					"$(inherited)",
					"@executable_path/Frameworks",
				);
				MARKETING_VERSION = 1.0;
				PRODUCT_BUNDLE_IDENTIFIER = dk.besta18.TicTacToeAnimation1;
				PRODUCT_NAME = "$(TARGET_NAME)";
				SWIFT_EMIT_LOC_STRINGS = YES;
				SWIFT_VERSION = 5.0;
				TARGETED_DEVICE_FAMILY = "1,2";
			};
			name = Debug;
		};
		436B125F270F077C0005BF37 /* Release */ = {
			isa = XCBuildConfiguration;
			buildSettings = {
				ASSETCATALOG_COMPILER_APPICON_NAME = AppIcon;
				ASSETCATALOG_COMPILER_GLOBAL_ACCENT_COLOR_NAME = AccentColor;
				CODE_SIGN_STYLE = Automatic;
				CURRENT_PROJECT_VERSION = 1;
				DEVELOPMENT_ASSET_PATHS = "\"TicTacToeAnimation1/Preview Content\"";
				ENABLE_PREVIEWS = YES;
				GENERATE_INFOPLIST_FILE = YES;
				INFOPLIST_KEY_UIApplicationSceneManifest_Generation = YES;
				INFOPLIST_KEY_UIApplicationSupportsIndirectInputEvents = YES;
				INFOPLIST_KEY_UILaunchScreen_Generation = YES;
				INFOPLIST_KEY_UISupportedInterfaceOrientations_iPad = "UIInterfaceOrientationPortrait UIInterfaceOrientationPortraitUpsideDown UIInterfaceOrientationLandscapeLeft UIInterfaceOrientationLandscapeRight";
				INFOPLIST_KEY_UISupportedInterfaceOrientations_iPhone = "UIInterfaceOrientationPortrait UIInterfaceOrientationLandscapeLeft UIInterfaceOrientationLandscapeRight";
				IPHONEOS_DEPLOYMENT_TARGET = 14.0;
				LD_RUNPATH_SEARCH_PATHS = (
					"$(inherited)",
					"@executable_path/Frameworks",
				);
				MARKETING_VERSION = 1.0;
				PRODUCT_BUNDLE_IDENTIFIER = dk.besta18.TicTacToeAnimation1;
				PRODUCT_NAME = "$(TARGET_NAME)";
				SWIFT_EMIT_LOC_STRINGS = YES;
				SWIFT_VERSION = 5.0;
				TARGETED_DEVICE_FAMILY = "1,2";
			};
			name = Release;
		};
/* End XCBuildConfiguration section */

/* Begin XCConfigurationList section */
		436B124A270F07770005BF37 /* Build configuration list for PBXProject "TicTacToeAnimation1" */ = {
			isa = XCConfigurationList;
			buildConfigurations = (
				436B125B270F077C0005BF37 /* Debug */,
				436B125C270F077C0005BF37 /* Release */,
			);
			defaultConfigurationIsVisible = 0;
			defaultConfigurationName = Release;
		};
		436B125D270F077C0005BF37 /* Build configuration list for PBXNativeTarget "TicTacToeAnimation1" */ = {
			isa = XCConfigurationList;
			buildConfigurations = (
				436B125E270F077C0005BF37 /* Debug */,
				436B125F270F077C0005BF37 /* Release */,
			);
			defaultConfigurationIsVisible = 0;
			defaultConfigurationName = Release;
		};
/* End XCConfigurationList section */
	};
	rootObject = 436B1247270F07770005BF37 /* Project object */;
}
