// !$*UTF8*$!
{
	archiveVersion = 1;
	classes = {
	};
	objectVersion = 50;
	objects = {

/* Begin PBXBuildFile section */
		2026C1F721411A5C0092B0B6 /* AppDelegate.swift in Sources */ = {isa = PBXBuildFile; fileRef = 2026C1F621411A5C0092B0B6 /* AppDelegate.swift */; };
		2026C1F921411A5C0092B0B6 /* ViewController.swift in Sources */ = {isa = PBXBuildFile; fileRef = 2026C1F821411A5C0092B0B6 /* ViewController.swift */; };
		2026C1FC21411A5C0092B0B6 /* Main.storyboard in Resources */ = {isa = PBXBuildFile; fileRef = 2026C1FA21411A5C0092B0B6 /* Main.storyboard */; };
		2026C1FE21411A5C0092B0B6 /* Assets.xcassets in Resources */ = {isa = PBXBuildFile; fileRef = 2026C1FD21411A5C0092B0B6 /* Assets.xcassets */; };
		2026C20121411A5C0092B0B6 /* LaunchScreen.storyboard in Resources */ = {isa = PBXBuildFile; fileRef = 2026C1FF21411A5C0092B0B6 /* LaunchScreen.storyboard */; };
		2037D407232AED9E002B45BC /* ScoreManager.swift in Sources */ = {isa = PBXBuildFile; fileRef = 2037D406232AED9E002B45BC /* ScoreManager.swift */; };
		20CC4FF4214A577B00BF056B /* Field.swift in Sources */ = {isa = PBXBuildFile; fileRef = 20CC4FF3214A577B00BF056B /* Field.swift */; };
		20CC4FF8214A5C6400BF056B /* FieldChooser.swift in Sources */ = {isa = PBXBuildFile; fileRef = 20CC4FF7214A5C6400BF056B /* FieldChooser.swift */; };
/* End PBXBuildFile section */

/* Begin PBXFileReference section */
		2026C1F321411A5C0092B0B6 /* TicTacToe.app */ = {isa = PBXFileReference; explicitFileType = wrapper.application; includeInIndex = 0; path = TicTacToe.app; sourceTree = BUILT_PRODUCTS_DIR; };
		2026C1F621411A5C0092B0B6 /* AppDelegate.swift */ = {isa = PBXFileReference; lastKnownFileType = sourcecode.swift; path = AppDelegate.swift; sourceTree = "<group>"; };
		2026C1F821411A5C0092B0B6 /* ViewController.swift */ = {isa = PBXFileReference; lastKnownFileType = sourcecode.swift; path = ViewController.swift; sourceTree = "<group>"; };
		2026C1FB21411A5C0092B0B6 /* Base */ = {isa = PBXFileReference; lastKnownFileType = file.storyboard; name = Base; path = Base.lproj/Main.storyboard; sourceTree = "<group>"; };
		2026C1FD21411A5C0092B0B6 /* Assets.xcassets */ = {isa = PBXFileReference; lastKnownFileType = folder.assetcatalog; path = Assets.xcassets; sourceTree = "<group>"; };
		2026C20021411A5C0092B0B6 /* Base */ = {isa = PBXFileReference; lastKnownFileType = file.storyboard; name = Base; path = Base.lproj/LaunchScreen.storyboard; sourceTree = "<group>"; };
		2026C20221411A5C0092B0B6 /* Info.plist */ = {isa = PBXFileReference; lastKnownFileType = text.plist.xml; path = Info.plist; sourceTree = "<group>"; };
		2037D406232AED9E002B45BC /* ScoreManager.swift */ = {isa = PBXFileReference; lastKnownFileType = sourcecode.swift; path = ScoreManager.swift; sourceTree = "<group>"; };
		20CC4FF3214A577B00BF056B /* Field.swift */ = {isa = PBXFileReference; lastKnownFileType = sourcecode.swift; path = Field.swift; sourceTree = "<group>"; };
		20CC4FF7214A5C6400BF056B /* FieldChooser.swift */ = {isa = PBXFileReference; lastKnownFileType = sourcecode.swift; path = FieldChooser.swift; sourceTree = "<group>"; };
/* End PBXFileReference section */

/* Begin PBXFrameworksBuildPhase section */
		2026C1F021411A5C0092B0B6 /* Frameworks */ = {
			isa = PBXFrameworksBuildPhase;
			buildActionMask = 2147483647;
			files = (
			);
			runOnlyForDeploymentPostprocessing = 0;
		};
/* End PBXFrameworksBuildPhase section */

/* Begin PBXGroup section */
		2026C1EA21411A5C0092B0B6 = {
			isa = PBXGroup;
			children = (
				2026C1F521411A5C0092B0B6 /* TicTacToe */,
				2026C1F421411A5C0092B0B6 /* Products */,
			);
			sourceTree = "<group>";
		};
		2026C1F421411A5C0092B0B6 /* Products */ = {
			isa = PBXGroup;
			children = (
				2026C1F321411A5C0092B0B6 /* TicTacToe.app */,
			);
			name = Products;
			sourceTree = "<group>";
		};
		2026C1F521411A5C0092B0B6 /* TicTacToe */ = {
			isa = PBXGroup;
			children = (
				2037D402232AECF9002B45BC /* Models */,
				2037D403232AED29002B45BC /* Controllers */,
				2037D404232AED45002B45BC /* Views */,
				2037D405232AED63002B45BC /* Supporting Files */,
				2026C20221411A5C0092B0B6 /* Info.plist */,
			);
			path = TicTacToe;
			sourceTree = "<group>";
		};
		2037D402232AECF9002B45BC /* Models */ = {
			isa = PBXGroup;
			children = (
				20CC4FF3214A577B00BF056B /* Field.swift */,
				20CC4FF7214A5C6400BF056B /* FieldChooser.swift */,
				2037D406232AED9E002B45BC /* ScoreManager.swift */,
			);
			path = Models;
			sourceTree = "<group>";
		};
		2037D403232AED29002B45BC /* Controllers */ = {
			isa = PBXGroup;
			children = (
				2026C1F821411A5C0092B0B6 /* ViewController.swift */,
			);
			path = Controllers;
			sourceTree = "<group>";
		};
		2037D404232AED45002B45BC /* Views */ = {
			isa = PBXGroup;
			children = (
				2026C1FA21411A5C0092B0B6 /* Main.storyboard */,
			);
			path = Views;
			sourceTree = "<group>";
		};
		2037D405232AED63002B45BC /* Supporting Files */ = {
			isa = PBXGroup;
			children = (
				2026C1FD21411A5C0092B0B6 /* Assets.xcassets */,
				2026C1F621411A5C0092B0B6 /* AppDelegate.swift */,
				2026C1FF21411A5C0092B0B6 /* LaunchScreen.storyboard */,
			);
			path = "Supporting Files";
			sourceTree = "<group>";
		};
/* End PBXGroup section */

/* Begin PBXNativeTarget section */
		2026C1F221411A5C0092B0B6 /* TicTacToe */ = {
			isa = PBXNativeTarget;
			buildConfigurationList = 2026C20521411A5C0092B0B6 /* Build configuration list for PBXNativeTarget "TicTacToe" */;
			buildPhases = (
				2026C1EF21411A5C0092B0B6 /* Sources */,
				2026C1F021411A5C0092B0B6 /* Frameworks */,
				2026C1F121411A5C0092B0B6 /* Resources */,
			);
			buildRules = (
			);
			dependencies = (
			);
			name = TicTacToe;
			productName = TicTacToe;
			productReference = 2026C1F321411A5C0092B0B6 /* TicTacToe.app */;
			productType = "com.apple.product-type.application";
		};
/* End PBXNativeTarget section */

/* Begin PBXProject section */
		2026C1EB21411A5C0092B0B6 /* Project object */ = {
			isa = PBXProject;
			attributes = {
				LastSwiftUpdateCheck = 0940;
				LastUpgradeCheck = 0940;
				ORGANIZATIONNAME = "Emil Nielsen";
				TargetAttributes = {
					2026C1F221411A5C0092B0B6 = {
						CreatedOnToolsVersion = 9.4.1;
						LastSwiftMigration = 1030;
					};
				};
			};
			buildConfigurationList = 2026C1EE21411A5C0092B0B6 /* Build configuration list for PBXProject "TicTacToe" */;
			compatibilityVersion = "Xcode 9.3";
			developmentRegion = en;
			hasScannedForEncodings = 0;
			knownRegions = (
				en,
				Base,
			);
			mainGroup = 2026C1EA21411A5C0092B0B6;
			productRefGroup = 2026C1F421411A5C0092B0B6 /* Products */;
			projectDirPath = "";
			projectRoot = "";
			targets = (
				2026C1F221411A5C0092B0B6 /* TicTacToe */,
			);
		};
/* End PBXProject section */

/* Begin PBXResourcesBuildPhase section */
		2026C1F121411A5C0092B0B6 /* Resources */ = {
			isa = PBXResourcesBuildPhase;
			buildActionMask = 2147483647;
			files = (
				2026C20121411A5C0092B0B6 /* LaunchScreen.storyboard in Resources */,
				2026C1FE21411A5C0092B0B6 /* Assets.xcassets in Resources */,
				2026C1FC21411A5C0092B0B6 /* Main.storyboard in Resources */,
			);
			runOnlyForDeploymentPostprocessing = 0;
		};
/* End PBXResourcesBuildPhase section */

/* Begin PBXSourcesBuildPhase section */
		2026C1EF21411A5C0092B0B6 /* Sources */ = {
			isa = PBXSourcesBuildPhase;
			buildActionMask = 2147483647;
			files = (
				20CC4FF8214A5C6400BF056B /* FieldChooser.swift in Sources */,
				2026C1F921411A5C0092B0B6 /* ViewController.swift in Sources */,
				2037D407232AED9E002B45BC /* ScoreManager.swift in Sources */,
				2026C1F721411A5C0092B0B6 /* AppDelegate.swift in Sources */,
				20CC4FF4214A577B00BF056B /* Field.swift in Sources */,
			);
			runOnlyForDeploymentPostprocessing = 0;
		};
/* End PBXSourcesBuildPhase section */

/* Begin PBXVariantGroup section */
		2026C1FA21411A5C0092B0B6 /* Main.storyboard */ = {
			isa = PBXVariantGroup;
			children = (
				2026C1FB21411A5C0092B0B6 /* Base */,
			);
			name = Main.storyboard;
			sourceTree = "<group>";
		};
		2026C1FF21411A5C0092B0B6 /* LaunchScreen.storyboard */ = {
			isa = PBXVariantGroup;
			children = (
				2026C20021411A5C0092B0B6 /* Base */,
			);
			name = LaunchScreen.storyboard;
			sourceTree = "<group>";
		};
/* End PBXVariantGroup section */

/* Begin XCBuildConfiguration section */
		2026C20321411A5C0092B0B6 /* Debug */ = {
			isa = XCBuildConfiguration;
			buildSettings = {
				ALWAYS_SEARCH_USER_PATHS = NO;
				CLANG_ANALYZER_NONNULL = YES;
				CLANG_ANALYZER_NUMBER_OBJECT_CONVERSION = YES_AGGRESSIVE;
				CLANG_CXX_LANGUAGE_STANDARD = "gnu++14";
				CLANG_CXX_LIBRARY = "libc++";
				CLANG_ENABLE_MODULES = YES;
				CLANG_ENABLE_OBJC_ARC = YES;
				CLANG_ENABLE_OBJC_WEAK = YES;
				CLANG_WARN_BLOCK_CAPTURE_AUTORELEASING = YES;
				CLANG_WARN_BOOL_CONVERSION = YES;
				CLANG_WARN_COMMA = YES;
				CLANG_WARN_CONSTANT_CONVERSION = YES;
				CLANG_WARN_DEPRECATED_OBJC_IMPLEMENTATIONS = YES;
				CLANG_WARN_DIRECT_OBJC_ISA_USAGE = YES_ERROR;
				CLANG_WARN_DOCUMENTATION_COMMENTS = YES;
				CLANG_WARN_EMPTY_BODY = YES;
				CLANG_WARN_ENUM_CONVERSION = YES;
				CLANG_WARN_INFINITE_RECURSION = YES;
				CLANG_WARN_INT_CONVERSION = YES;
				CLANG_WARN_NON_LITERAL_NULL_CONVERSION = YES;
				CLANG_WARN_OBJC_IMPLICIT_RETAIN_SELF = YES;
				CLANG_WARN_OBJC_LITERAL_CONVERSION = YES;
				CLANG_WARN_OBJC_ROOT_CLASS = YES_ERROR;
				CLANG_WARN_RANGE_LOOP_ANALYSIS = YES;
				CLANG_WARN_STRICT_PROTOTYPES = YES;
				CLANG_WARN_SUSPICIOUS_MOVE = YES;
				CLANG_WARN_UNGUARDED_AVAILABILITY = YES_AGGRESSIVE;
				CLANG_WARN_UNREACHABLE_CODE = YES;
				CLANG_WARN__DUPLICATE_METHOD_MATCH = YES;
				CODE_SIGN_IDENTITY = "iPhone Developer";
				COPY_PHASE_STRIP = NO;
				DEBUG_INFORMATION_FORMAT = dwarf;
				ENABLE_STRICT_OBJC_MSGSEND = YES;
				ENABLE_TESTABILITY = YES;
				GCC_C_LANGUAGE_STANDARD = gnu11;
				GCC_DYNAMIC_NO_PIC = NO;
				GCC_NO_COMMON_BLOCKS = YES;
				GCC_OPTIMIZATION_LEVEL = 0;
				GCC_PREPROCESSOR_DEFINITIONS = (
					"DEBUG=1",
					"$(inherited)",
				);
				GCC_WARN_64_TO_32_BIT_CONVERSION = YES;
				GCC_WARN_ABOUT_RETURN_TYPE = YES_ERROR;
				GCC_WARN_UNDECLARED_SELECTOR = YES;
				GCC_WARN_UNINITIALIZED_AUTOS = YES_AGGRESSIVE;
				GCC_WARN_UNUSED_FUNCTION = YES;
				GCC_WARN_UNUSED_VARIABLE = YES;
				IPHONEOS_DEPLOYMENT_TARGET = 11.4;
				MTL_ENABLE_DEBUG_INFO = YES;
				ONLY_ACTIVE_ARCH = YES;
				SDKROOT = iphoneos;
				SWIFT_ACTIVE_COMPILATION_CONDITIONS = DEBUG;
				SWIFT_OPTIMIZATION_LEVEL = "-Onone";
			};
			name = Debug;
		};
		2026C20421411A5C0092B0B6 /* Release */ = {
			isa = XCBuildConfiguration;
			buildSettings = {
				ALWAYS_SEARCH_USER_PATHS = NO;
				CLANG_ANALYZER_NONNULL = YES;
				CLANG_ANALYZER_NUMBER_OBJECT_CONVERSION = YES_AGGRESSIVE;
				CLANG_CXX_LANGUAGE_STANDARD = "gnu++14";
				CLANG_CXX_LIBRARY = "libc++";
				CLANG_ENABLE_MODULES = YES;
				CLANG_ENABLE_OBJC_ARC = YES;
				CLANG_ENABLE_OBJC_WEAK = YES;
				CLANG_WARN_BLOCK_CAPTURE_AUTORELEASING = YES;
				CLANG_WARN_BOOL_CONVERSION = YES;
				CLANG_WARN_COMMA = YES;
				CLANG_WARN_CONSTANT_CONVERSION = YES;
				CLANG_WARN_DEPRECATED_OBJC_IMPLEMENTATIONS = YES;
				CLANG_WARN_DIRECT_OBJC_ISA_USAGE = YES_ERROR;
				CLANG_WARN_DOCUMENTATION_COMMENTS = YES;
				CLANG_WARN_EMPTY_BODY = YES;
				CLANG_WARN_ENUM_CONVERSION = YES;
				CLANG_WARN_INFINITE_RECURSION = YES;
				CLANG_WARN_INT_CONVERSION = YES;
				CLANG_WARN_NON_LITERAL_NULL_CONVERSION = YES;
				CLANG_WARN_OBJC_IMPLICIT_RETAIN_SELF = YES;
				CLANG_WARN_OBJC_LITERAL_CONVERSION = YES;
				CLANG_WARN_OBJC_ROOT_CLASS = YES_ERROR;
				CLANG_WARN_RANGE_LOOP_ANALYSIS = YES;
				CLANG_WARN_STRICT_PROTOTYPES = YES;
				CLANG_WARN_SUSPICIOUS_MOVE = YES;
				CLANG_WARN_UNGUARDED_AVAILABILITY = YES_AGGRESSIVE;
				CLANG_WARN_UNREACHABLE_CODE = YES;
				CLANG_WARN__DUPLICATE_METHOD_MATCH = YES;
				CODE_SIGN_IDENTITY = "iPhone Developer";
				COPY_PHASE_STRIP = NO;
				DEBUG_INFORMATION_FORMAT = "dwarf-with-dsym";
				ENABLE_NS_ASSERTIONS = NO;
				ENABLE_STRICT_OBJC_MSGSEND = YES;
				GCC_C_LANGUAGE_STANDARD = gnu11;
				GCC_NO_COMMON_BLOCKS = YES;
				GCC_WARN_64_TO_32_BIT_CONVERSION = YES;
				GCC_WARN_ABOUT_RETURN_TYPE = YES_ERROR;
				GCC_WARN_UNDECLARED_SELECTOR = YES;
				GCC_WARN_UNINITIALIZED_AUTOS = YES_AGGRESSIVE;
				GCC_WARN_UNUSED_FUNCTION = YES;
				GCC_WARN_UNUSED_VARIABLE = YES;
				IPHONEOS_DEPLOYMENT_TARGET = 11.4;
				MTL_ENABLE_DEBUG_INFO = NO;
				SDKROOT = iphoneos;
				SWIFT_COMPILATION_MODE = wholemodule;
				SWIFT_OPTIMIZATION_LEVEL = "-O";
				VALIDATE_PRODUCT = YES;
			};
			name = Release;
		};
		2026C20621411A5C0092B0B6 /* Debug */ = {
			isa = XCBuildConfiguration;
			buildSettings = {
				ASSETCATALOG_COMPILER_APPICON_NAME = AppIcon;
				CODE_SIGN_STYLE = Automatic;
				DEVELOPMENT_TEAM = 5E6DK5G4XC;
				INFOPLIST_FILE = TicTacToe/Info.plist;
				LD_RUNPATH_SEARCH_PATHS = (
					"$(inherited)",
					"@executable_path/Frameworks",
				);
				PRODUCT_BUNDLE_IDENTIFIER = sdu.eniel16.TicTacToe;
				PRODUCT_NAME = "$(TARGET_NAME)";
				SWIFT_VERSION = 5.0;
				TARGETED_DEVICE_FAMILY = "1,2";
			};
			name = Debug;
		};
		2026C20721411A5C0092B0B6 /* Release */ = {
			isa = XCBuildConfiguration;
			buildSettings = {
				ASSETCATALOG_COMPILER_APPICON_NAME = AppIcon;
				CODE_SIGN_STYLE = Automatic;
				DEVELOPMENT_TEAM = 5E6DK5G4XC;
				INFOPLIST_FILE = TicTacToe/Info.plist;
				LD_RUNPATH_SEARCH_PATHS = (
					"$(inherited)",
					"@executable_path/Frameworks",
				);
				PRODUCT_BUNDLE_IDENTIFIER = sdu.eniel16.TicTacToe;
				PRODUCT_NAME = "$(TARGET_NAME)";
				SWIFT_VERSION = 5.0;
				TARGETED_DEVICE_FAMILY = "1,2";
			};
			name = Release;
		};
/* End XCBuildConfiguration section */

/* Begin XCConfigurationList section */
		2026C1EE21411A5C0092B0B6 /* Build configuration list for PBXProject "TicTacToe" */ = {
			isa = XCConfigurationList;
			buildConfigurations = (
				2026C20321411A5C0092B0B6 /* Debug */,
				2026C20421411A5C0092B0B6 /* Release */,
			);
			defaultConfigurationIsVisible = 0;
			defaultConfigurationName = Release;
		};
		2026C20521411A5C0092B0B6 /* Build configuration list for PBXNativeTarget "TicTacToe" */ = {
			isa = XCConfigurationList;
			buildConfigurations = (
				2026C20621411A5C0092B0B6 /* Debug */,
				2026C20721411A5C0092B0B6 /* Release */,
			);
			defaultConfigurationIsVisible = 0;
			defaultConfigurationName = Release;
		};
/* End XCConfigurationList section */
	};
	rootObject = 2026C1EB21411A5C0092B0B6 /* Project object */;
}
